// !$*UTF8*$!
{
	archiveVersion = 1;
	classes = {
	};
	objectVersion = 51;
	objects = {

/* Begin PBXBuildFile section */
		0175D54823E7CB7100B463A0 /* const.swift in Sources */ = {isa = PBXBuildFile; fileRef = 0175D54723E7CB7100B463A0 /* const.swift */; };
		0175D54B23E9539A00B463A0 /* PostTableViewCell.swift in Sources */ = {isa = PBXBuildFile; fileRef = 0175D54923E9539A00B463A0 /* PostTableViewCell.swift */; };
		0175D54C23E9539A00B463A0 /* PostTableViewCell.xib in Resources */ = {isa = PBXBuildFile; fileRef = 0175D54A23E9539A00B463A0 /* PostTableViewCell.xib */; };
		0175D54E23E9A18C00B463A0 /* PostData.swift in Sources */ = {isa = PBXBuildFile; fileRef = 0175D54D23E9A18C00B463A0 /* PostData.swift */; };
		017BA50023F236AC00FA1AA1 /* commentViewController.swift in Sources */ = {isa = PBXBuildFile; fileRef = 017BA4FF23F236AC00FA1AA1 /* commentViewController.swift */; };
		017BA50323F431D200FA1AA1 /* CommentTableViewCell.swift in Sources */ = {isa = PBXBuildFile; fileRef = 017BA50123F431D200FA1AA1 /* CommentTableViewCell.swift */; };
		017BA50423F431D200FA1AA1 /* CommentTableViewCell.xib in Resources */ = {isa = PBXBuildFile; fileRef = 017BA50223F431D200FA1AA1 /* CommentTableViewCell.xib */; };
		017BA50623F4D78700FA1AA1 /* CommentData.swift in Sources */ = {isa = PBXBuildFile; fileRef = 017BA50523F4D78700FA1AA1 /* CommentData.swift */; };
		01E8CC3523E51E590055C473 /* AppDelegate.swift in Sources */ = {isa = PBXBuildFile; fileRef = 01E8CC3423E51E590055C473 /* AppDelegate.swift */; };
		01E8CC3723E51E590055C473 /* SceneDelegate.swift in Sources */ = {isa = PBXBuildFile; fileRef = 01E8CC3623E51E590055C473 /* SceneDelegate.swift */; };
		01E8CC3C23E51E590055C473 /* Main.storyboard in Resources */ = {isa = PBXBuildFile; fileRef = 01E8CC3A23E51E590055C473 /* Main.storyboard */; };
		01E8CC3E23E51E620055C473 /* Assets.xcassets in Resources */ = {isa = PBXBuildFile; fileRef = 01E8CC3D23E51E620055C473 /* Assets.xcassets */; };
		01E8CC4123E51E620055C473 /* LaunchScreen.storyboard in Resources */ = {isa = PBXBuildFile; fileRef = 01E8CC3F23E51E620055C473 /* LaunchScreen.storyboard */; };
		01E8CC5323E5212E0055C473 /* LoginViewController.swift in Sources */ = {isa = PBXBuildFile; fileRef = 01E8CC5223E5212E0055C473 /* LoginViewController.swift */; };
		01E8CC5523E521450055C473 /* HomeViewController.swift in Sources */ = {isa = PBXBuildFile; fileRef = 01E8CC5423E521450055C473 /* HomeViewController.swift */; };
		01E8CC5723E521550055C473 /* ImageSelectViewController.swift in Sources */ = {isa = PBXBuildFile; fileRef = 01E8CC5623E521550055C473 /* ImageSelectViewController.swift */; };
		01E8CC5923E521630055C473 /* PostViewController.swift in Sources */ = {isa = PBXBuildFile; fileRef = 01E8CC5823E521630055C473 /* PostViewController.swift */; };
		01E8CC5B23E521710055C473 /* SettingViewController.swift in Sources */ = {isa = PBXBuildFile; fileRef = 01E8CC5A23E521710055C473 /* SettingViewController.swift */; };
		01E8CC5D23E528F10055C473 /* TabBarController.swift in Sources */ = {isa = PBXBuildFile; fileRef = 01E8CC5C23E528F10055C473 /* TabBarController.swift */; };
		01E8CC5F23E533B00055C473 /* GoogleService-Info.plist in Resources */ = {isa = PBXBuildFile; fileRef = 01E8CC5E23E533B00055C473 /* GoogleService-Info.plist */; };
		F47385D1D3FCE4A5C1EBC112 /* Pods_Instagram.framework in Frameworks */ = {isa = PBXBuildFile; fileRef = F91B1AD59A55AAB34997B493 /* Pods_Instagram.framework */; };
/* End PBXBuildFile section */

/* Begin PBXFileReference section */
		0175D54723E7CB7100B463A0 /* const.swift */ = {isa = PBXFileReference; lastKnownFileType = sourcecode.swift; path = const.swift; sourceTree = "<group>"; };
		0175D54923E9539A00B463A0 /* PostTableViewCell.swift */ = {isa = PBXFileReference; lastKnownFileType = sourcecode.swift; path = PostTableViewCell.swift; sourceTree = "<group>"; };
		0175D54A23E9539A00B463A0 /* PostTableViewCell.xib */ = {isa = PBXFileReference; lastKnownFileType = file.xib; path = PostTableViewCell.xib; sourceTree = "<group>"; };
		0175D54D23E9A18C00B463A0 /* PostData.swift */ = {isa = PBXFileReference; lastKnownFileType = sourcecode.swift; path = PostData.swift; sourceTree = "<group>"; };
		017BA4FF23F236AC00FA1AA1 /* commentViewController.swift */ = {isa = PBXFileReference; lastKnownFileType = sourcecode.swift; path = commentViewController.swift; sourceTree = "<group>"; };
		017BA50123F431D200FA1AA1 /* CommentTableViewCell.swift */ = {isa = PBXFileReference; lastKnownFileType = sourcecode.swift; path = CommentTableViewCell.swift; sourceTree = "<group>"; };
		017BA50223F431D200FA1AA1 /* CommentTableViewCell.xib */ = {isa = PBXFileReference; lastKnownFileType = file.xib; path = CommentTableViewCell.xib; sourceTree = "<group>"; };
		017BA50523F4D78700FA1AA1 /* CommentData.swift */ = {isa = PBXFileReference; lastKnownFileType = sourcecode.swift; path = CommentData.swift; sourceTree = "<group>"; };
		01E8CC3123E51E590055C473 /* Instagram.app */ = {isa = PBXFileReference; explicitFileType = wrapper.application; includeInIndex = 0; path = Instagram.app; sourceTree = BUILT_PRODUCTS_DIR; };
		01E8CC3423E51E590055C473 /* AppDelegate.swift */ = {isa = PBXFileReference; lastKnownFileType = sourcecode.swift; path = AppDelegate.swift; sourceTree = "<group>"; };
		01E8CC3623E51E590055C473 /* SceneDelegate.swift */ = {isa = PBXFileReference; lastKnownFileType = sourcecode.swift; path = SceneDelegate.swift; sourceTree = "<group>"; };
		01E8CC3B23E51E590055C473 /* Base */ = {isa = PBXFileReference; lastKnownFileType = file.storyboard; name = Base; path = Base.lproj/Main.storyboard; sourceTree = "<group>"; };
		01E8CC3D23E51E620055C473 /* Assets.xcassets */ = {isa = PBXFileReference; lastKnownFileType = folder.assetcatalog; path = Assets.xcassets; sourceTree = "<group>"; };
		01E8CC4023E51E620055C473 /* Base */ = {isa = PBXFileReference; lastKnownFileType = file.storyboard; name = Base; path = Base.lproj/LaunchScreen.storyboard; sourceTree = "<group>"; };
		01E8CC4223E51E620055C473 /* Info.plist */ = {isa = PBXFileReference; lastKnownFileType = text.plist.xml; path = Info.plist; sourceTree = "<group>"; };
		01E8CC5223E5212E0055C473 /* LoginViewController.swift */ = {isa = PBXFileReference; lastKnownFileType = sourcecode.swift; path = LoginViewController.swift; sourceTree = "<group>"; };
		01E8CC5423E521450055C473 /* HomeViewController.swift */ = {isa = PBXFileReference; lastKnownFileType = sourcecode.swift; path = HomeViewController.swift; sourceTree = "<group>"; };
		01E8CC5623E521550055C473 /* ImageSelectViewController.swift */ = {isa = PBXFileReference; lastKnownFileType = sourcecode.swift; path = ImageSelectViewController.swift; sourceTree = "<group>"; };
		01E8CC5823E521630055C473 /* PostViewController.swift */ = {isa = PBXFileReference; lastKnownFileType = sourcecode.swift; path = PostViewController.swift; sourceTree = "<group>"; };
		01E8CC5A23E521710055C473 /* SettingViewController.swift */ = {isa = PBXFileReference; lastKnownFileType = sourcecode.swift; path = SettingViewController.swift; sourceTree = "<group>"; };
		01E8CC5C23E528F10055C473 /* TabBarController.swift */ = {isa = PBXFileReference; lastKnownFileType = sourcecode.swift; path = TabBarController.swift; sourceTree = "<group>"; };
		01E8CC5E23E533B00055C473 /* GoogleService-Info.plist */ = {isa = PBXFileReference; fileEncoding = 4; lastKnownFileType = text.plist.xml; path = "GoogleService-Info.plist"; sourceTree = "<group>"; };
		2E9F7369A7A45BB4033FEDCB /* Pods-Instagram.release.xcconfig */ = {isa = PBXFileReference; includeInIndex = 1; lastKnownFileType = text.xcconfig; name = "Pods-Instagram.release.xcconfig"; path = "Target Support Files/Pods-Instagram/Pods-Instagram.release.xcconfig"; sourceTree = "<group>"; };
		3BFD221FBEAC153E9D457FD7 /* Pods-Instagram.debug.xcconfig */ = {isa = PBXFileReference; includeInIndex = 1; lastKnownFileType = text.xcconfig; name = "Pods-Instagram.debug.xcconfig"; path = "Target Support Files/Pods-Instagram/Pods-Instagram.debug.xcconfig"; sourceTree = "<group>"; };
		F91B1AD59A55AAB34997B493 /* Pods_Instagram.framework */ = {isa = PBXFileReference; explicitFileType = wrapper.framework; includeInIndex = 0; path = Pods_Instagram.framework; sourceTree = BUILT_PRODUCTS_DIR; };
/* End PBXFileReference section */

/* Begin PBXFrameworksBuildPhase section */
		01E8CC2E23E51E590055C473 /* Frameworks */ = {
			isa = PBXFrameworksBuildPhase;
			buildActionMask = 2147483647;
			files = (
				F47385D1D3FCE4A5C1EBC112 /* Pods_Instagram.framework in Frameworks */,
			);
			runOnlyForDeploymentPostprocessing = 0;
		};
/* End PBXFrameworksBuildPhase section */

/* Begin PBXGroup section */
		01E8CC2823E51E590055C473 = {
			isa = PBXGroup;
			children = (
				01E8CC3323E51E590055C473 /* Instagram */,
				01E8CC3223E51E590055C473 /* Products */,
				C85E4F169CCCBEFCC3E1083C /* Pods */,
				C535415686E278596C8A9B83 /* Frameworks */,
			);
			sourceTree = "<group>";
		};
		01E8CC3223E51E590055C473 /* Products */ = {
			isa = PBXGroup;
			children = (
				01E8CC3123E51E590055C473 /* Instagram.app */,
			);
			name = Products;
			sourceTree = "<group>";
		};
		01E8CC3323E51E590055C473 /* Instagram */ = {
			isa = PBXGroup;
			children = (
				01E8CC3423E51E590055C473 /* AppDelegate.swift */,
				01E8CC3623E51E590055C473 /* SceneDelegate.swift */,
				0175D54723E7CB7100B463A0 /* const.swift */,
				0175D54D23E9A18C00B463A0 /* PostData.swift */,
				017BA50523F4D78700FA1AA1 /* CommentData.swift */,
				01E8CC5223E5212E0055C473 /* LoginViewController.swift */,
				017BA4FF23F236AC00FA1AA1 /* commentViewController.swift */,
				01E8CC5423E521450055C473 /* HomeViewController.swift */,
				017BA50123F431D200FA1AA1 /* CommentTableViewCell.swift */,
				017BA50223F431D200FA1AA1 /* CommentTableViewCell.xib */,
				01E8CC5823E521630055C473 /* PostViewController.swift */,
				0175D54923E9539A00B463A0 /* PostTableViewCell.swift */,
				0175D54A23E9539A00B463A0 /* PostTableViewCell.xib */,
				01E8CC5C23E528F10055C473 /* TabBarController.swift */,
				01E8CC5A23E521710055C473 /* SettingViewController.swift */,
				01E8CC5623E521550055C473 /* ImageSelectViewController.swift */,
				01E8CC3A23E51E590055C473 /* Main.storyboard */,
				01E8CC3D23E51E620055C473 /* Assets.xcassets */,
				01E8CC3F23E51E620055C473 /* LaunchScreen.storyboard */,
				01E8CC4223E51E620055C473 /* Info.plist */,
				01E8CC5E23E533B00055C473 /* GoogleService-Info.plist */,
			);
			path = Instagram;
			sourceTree = "<group>";
		};
		C535415686E278596C8A9B83 /* Frameworks */ = {
			isa = PBXGroup;
			children = (
				F91B1AD59A55AAB34997B493 /* Pods_Instagram.framework */,
			);
			name = Frameworks;
			sourceTree = "<group>";
		};
		C85E4F169CCCBEFCC3E1083C /* Pods */ = {
			isa = PBXGroup;
			children = (
				3BFD221FBEAC153E9D457FD7 /* Pods-Instagram.debug.xcconfig */,
				2E9F7369A7A45BB4033FEDCB /* Pods-Instagram.release.xcconfig */,
			);
			path = Pods;
			sourceTree = "<group>";
		};
/* End PBXGroup section */

/* Begin PBXNativeTarget section */
		01E8CC3023E51E590055C473 /* Instagram */ = {
			isa = PBXNativeTarget;
			buildConfigurationList = 01E8CC4523E51E620055C473 /* Build configuration list for PBXNativeTarget "Instagram" */;
			buildPhases = (
				C0339AA98D70C31CB7D735C3 /* [CP] Check Pods Manifest.lock */,
				01E8CC2D23E51E590055C473 /* Sources */,
				01E8CC2E23E51E590055C473 /* Frameworks */,
				01E8CC2F23E51E590055C473 /* Resources */,
				4DEA104C27E90C34D6FAB4BA /* [CP] Embed Pods Frameworks */,
			);
			buildRules = (
			);
			dependencies = (
			);
			name = Instagram;
			productName = Instagram;
			productReference = 01E8CC3123E51E590055C473 /* Instagram.app */;
			productType = "com.apple.product-type.application";
		};
/* End PBXNativeTarget section */

/* Begin PBXProject section */
		01E8CC2923E51E590055C473 /* Project object */ = {
			isa = PBXProject;
			attributes = {
				LastSwiftUpdateCheck = 1110;
				LastUpgradeCheck = 1110;
				ORGANIZATIONNAME = Junya.Satou;
				TargetAttributes = {
					01E8CC3023E51E590055C473 = {
						CreatedOnToolsVersion = 11.1;
					};
				};
			};
			buildConfigurationList = 01E8CC2C23E51E590055C473 /* Build configuration list for PBXProject "Instagram" */;
			compatibilityVersion = "Xcode 9.3";
			developmentRegion = en;
			hasScannedForEncodings = 0;
			knownRegions = (
				en,
				Base,
			);
			mainGroup = 01E8CC2823E51E590055C473;
			productRefGroup = 01E8CC3223E51E590055C473 /* Products */;
			projectDirPath = "";
			projectRoot = "";
			targets = (
				01E8CC3023E51E590055C473 /* Instagram */,
			);
		};
/* End PBXProject section */

/* Begin PBXResourcesBuildPhase section */
		01E8CC2F23E51E590055C473 /* Resources */ = {
			isa = PBXResourcesBuildPhase;
			buildActionMask = 2147483647;
			files = (
				01E8CC4123E51E620055C473 /* LaunchScreen.storyboard in Resources */,
				017BA50423F431D200FA1AA1 /* CommentTableViewCell.xib in Resources */,
				0175D54C23E9539A00B463A0 /* PostTableViewCell.xib in Resources */,
				01E8CC5F23E533B00055C473 /* GoogleService-Info.plist in Resources */,
				01E8CC3E23E51E620055C473 /* Assets.xcassets in Resources */,
				01E8CC3C23E51E590055C473 /* Main.storyboard in Resources */,
			);
			runOnlyForDeploymentPostprocessing = 0;
		};
/* End PBXResourcesBuildPhase section */

/* Begin PBXShellScriptBuildPhase section */
		4DEA104C27E90C34D6FAB4BA /* [CP] Embed Pods Frameworks */ = {
			isa = PBXShellScriptBuildPhase;
			buildActionMask = 2147483647;
			files = (
			);
			inputFileListPaths = (
				"${PODS_ROOT}/Target Support Files/Pods-Instagram/Pods-Instagram-frameworks-${CONFIGURATION}-input-files.xcfilelist",
			);
			name = "[CP] Embed Pods Frameworks";
			outputFileListPaths = (
				"${PODS_ROOT}/Target Support Files/Pods-Instagram/Pods-Instagram-frameworks-${CONFIGURATION}-output-files.xcfilelist",
			);
			runOnlyForDeploymentPostprocessing = 0;
			shellPath = /bin/sh;
			shellScript = "\"${PODS_ROOT}/Target Support Files/Pods-Instagram/Pods-Instagram-frameworks.sh\"\n";
			showEnvVarsInLog = 0;
		};
		C0339AA98D70C31CB7D735C3 /* [CP] Check Pods Manifest.lock */ = {
			isa = PBXShellScriptBuildPhase;
			buildActionMask = 2147483647;
			files = (
			);
			inputFileListPaths = (
			);
			inputPaths = (
				"${PODS_PODFILE_DIR_PATH}/Podfile.lock",
				"${PODS_ROOT}/Manifest.lock",
			);
			name = "[CP] Check Pods Manifest.lock";
			outputFileListPaths = (
			);
			outputPaths = (
				"$(DERIVED_FILE_DIR)/Pods-Instagram-checkManifestLockResult.txt",
			);
			runOnlyForDeploymentPostprocessing = 0;
			shellPath = /bin/sh;
			shellScript = "diff \"${PODS_PODFILE_DIR_PATH}/Podfile.lock\" \"${PODS_ROOT}/Manifest.lock\" > /dev/null\nif [ $? != 0 ] ; then\n    # print error to STDERR\n    echo \"error: The sandbox is not in sync with the Podfile.lock. Run 'pod install' or update your CocoaPods installation.\" >&2\n    exit 1\nfi\n# This output is used by Xcode 'outputs' to avoid re-running this script phase.\necho \"SUCCESS\" > \"${SCRIPT_OUTPUT_FILE_0}\"\n";
			showEnvVarsInLog = 0;
		};
/* End PBXShellScriptBuildPhase section */

/* Begin PBXSourcesBuildPhase section */
		01E8CC2D23E51E590055C473 /* Sources */ = {
			isa = PBXSourcesBuildPhase;
			buildActionMask = 2147483647;
			files = (
				01E8CC5723E521550055C473 /* ImageSelectViewController.swift in Sources */,
				01E8CC5D23E528F10055C473 /* TabBarController.swift in Sources */,
				01E8CC5523E521450055C473 /* HomeViewController.swift in Sources */,
				01E8CC5923E521630055C473 /* PostViewController.swift in Sources */,
				017BA50023F236AC00FA1AA1 /* commentViewController.swift in Sources */,
				01E8CC5B23E521710055C473 /* SettingViewController.swift in Sources */,
				01E8CC5323E5212E0055C473 /* LoginViewController.swift in Sources */,
				0175D54823E7CB7100B463A0 /* const.swift in Sources */,
				017BA50323F431D200FA1AA1 /* CommentTableViewCell.swift in Sources */,
				017BA50623F4D78700FA1AA1 /* CommentData.swift in Sources */,
				0175D54B23E9539A00B463A0 /* PostTableViewCell.swift in Sources */,
				01E8CC3523E51E590055C473 /* AppDelegate.swift in Sources */,
				0175D54E23E9A18C00B463A0 /* PostData.swift in Sources */,
				01E8CC3723E51E590055C473 /* SceneDelegate.swift in Sources */,
			);
			runOnlyForDeploymentPostprocessing = 0;
		};
/* End PBXSourcesBuildPhase section */

/* Begin PBXVariantGroup section */
		01E8CC3A23E51E590055C473 /* Main.storyboard */ = {
			isa = PBXVariantGroup;
			children = (
				01E8CC3B23E51E590055C473 /* Base */,
			);
			name = Main.storyboard;
			sourceTree = "<group>";
		};
		01E8CC3F23E51E620055C473 /* LaunchScreen.storyboard */ = {
			isa = PBXVariantGroup;
			children = (
				01E8CC4023E51E620055C473 /* Base */,
			);
			name = LaunchScreen.storyboard;
			sourceTree = "<group>";
		};
/* End PBXVariantGroup section */

/* Begin XCBuildConfiguration section */
		01E8CC4323E51E620055C473 /* Debug */ = {
			isa = XCBuildConfiguration;
			buildSettings = {
				ALWAYS_SEARCH_USER_PATHS = NO;
				CLANG_ANALYZER_NONNULL = YES;
				CLANG_ANALYZER_NUMBER_OBJECT_CONVERSION = YES_AGGRESSIVE;
				CLANG_CXX_LANGUAGE_STANDARD = "gnu++14";
				CLANG_CXX_LIBRARY = "libc++";
				CLANG_ENABLE_MODULES = YES;
				CLANG_ENABLE_OBJC_ARC = YES;
				CLANG_ENABLE_OBJC_WEAK = YES;
				CLANG_WARN_BLOCK_CAPTURE_AUTORELEASING = YES;
				CLANG_WARN_BOOL_CONVERSION = YES;
				CLANG_WARN_COMMA = YES;
				CLANG_WARN_CONSTANT_CONVERSION = YES;
				CLANG_WARN_DEPRECATED_OBJC_IMPLEMENTATIONS = YES;
				CLANG_WARN_DIRECT_OBJC_ISA_USAGE = YES_ERROR;
				CLANG_WARN_DOCUMENTATION_COMMENTS = YES;
				CLANG_WARN_EMPTY_BODY = YES;
				CLANG_WARN_ENUM_CONVERSION = YES;
				CLANG_WARN_INFINITE_RECURSION = YES;
				CLANG_WARN_INT_CONVERSION = YES;
				CLANG_WARN_NON_LITERAL_NULL_CONVERSION = YES;
				CLANG_WARN_OBJC_IMPLICIT_RETAIN_SELF = YES;
				CLANG_WARN_OBJC_LITERAL_CONVERSION = YES;
				CLANG_WARN_OBJC_ROOT_CLASS = YES_ERROR;
				CLANG_WARN_RANGE_LOOP_ANALYSIS = YES;
				CLANG_WARN_STRICT_PROTOTYPES = YES;
				CLANG_WARN_SUSPICIOUS_MOVE = YES;
				CLANG_WARN_UNGUARDED_AVAILABILITY = YES_AGGRESSIVE;
				CLANG_WARN_UNREACHABLE_CODE = YES;
				CLANG_WARN__DUPLICATE_METHOD_MATCH = YES;
				COPY_PHASE_STRIP = NO;
				DEBUG_INFORMATION_FORMAT = dwarf;
				ENABLE_STRICT_OBJC_MSGSEND = YES;
				ENABLE_TESTABILITY = YES;
				GCC_C_LANGUAGE_STANDARD = gnu11;
				GCC_DYNAMIC_NO_PIC = NO;
				GCC_NO_COMMON_BLOCKS = YES;
				GCC_OPTIMIZATION_LEVEL = 0;
				GCC_PREPROCESSOR_DEFINITIONS = (
					"DEBUG=1",
					"$(inherited)",
				);
				GCC_WARN_64_TO_32_BIT_CONVERSION = YES;
				GCC_WARN_ABOUT_RETURN_TYPE = YES_ERROR;
				GCC_WARN_UNDECLARED_SELECTOR = YES;
				GCC_WARN_UNINITIALIZED_AUTOS = YES_AGGRESSIVE;
				GCC_WARN_UNUSED_FUNCTION = YES;
				GCC_WARN_UNUSED_VARIABLE = YES;
				IPHONEOS_DEPLOYMENT_TARGET = 13.1;
				MTL_ENABLE_DEBUG_INFO = INCLUDE_SOURCE;
				MTL_FAST_MATH = YES;
				ONLY_ACTIVE_ARCH = YES;
				SDKROOT = iphoneos;
				SWIFT_ACTIVE_COMPILATION_CONDITIONS = DEBUG;
				SWIFT_OPTIMIZATION_LEVEL = "-Onone";
			};
			name = Debug;
		};
		01E8CC4423E51E620055C473 /* Release */ = {
			isa = XCBuildConfiguration;
			buildSettings = {
				ALWAYS_SEARCH_USER_PATHS = NO;
				CLANG_ANALYZER_NONNULL = YES;
				CLANG_ANALYZER_NUMBER_OBJECT_CONVERSION = YES_AGGRESSIVE;
				CLANG_CXX_LANGUAGE_STANDARD = "gnu++14";
				CLANG_CXX_LIBRARY = "libc++";
				CLANG_ENABLE_MODULES = YES;
				CLANG_ENABLE_OBJC_ARC = YES;
				CLANG_ENABLE_OBJC_WEAK = YES;
				CLANG_WARN_BLOCK_CAPTURE_AUTORELEASING = YES;
				CLANG_WARN_BOOL_CONVERSION = YES;
				CLANG_WARN_COMMA = YES;
				CLANG_WARN_CONSTANT_CONVERSION = YES;
				CLANG_WARN_DEPRECATED_OBJC_IMPLEMENTATIONS = YES;
				CLANG_WARN_DIRECT_OBJC_ISA_USAGE = YES_ERROR;
				CLANG_WARN_DOCUMENTATION_COMMENTS = YES;
				CLANG_WARN_EMPTY_BODY = YES;
				CLANG_WARN_ENUM_CONVERSION = YES;
				CLANG_WARN_INFINITE_RECURSION = YES;
				CLANG_WARN_INT_CONVERSION = YES;
				CLANG_WARN_NON_LITERAL_NULL_CONVERSION = YES;
				CLANG_WARN_OBJC_IMPLICIT_RETAIN_SELF = YES;
				CLANG_WARN_OBJC_LITERAL_CONVERSION = YES;
				CLANG_WARN_OBJC_ROOT_CLASS = YES_ERROR;
				CLANG_WARN_RANGE_LOOP_ANALYSIS = YES;
				CLANG_WARN_STRICT_PROTOTYPES = YES;
				CLANG_WARN_SUSPICIOUS_MOVE = YES;
				CLANG_WARN_UNGUARDED_AVAILABILITY = YES_AGGRESSIVE;
				CLANG_WARN_UNREACHABLE_CODE = YES;
				CLANG_WARN__DUPLICATE_METHOD_MATCH = YES;
				COPY_PHASE_STRIP = NO;
				DEBUG_INFORMATION_FORMAT = "dwarf-with-dsym";
				ENABLE_NS_ASSERTIONS = NO;
				ENABLE_STRICT_OBJC_MSGSEND = YES;
				GCC_C_LANGUAGE_STANDARD = gnu11;
				GCC_NO_COMMON_BLOCKS = YES;
				GCC_WARN_64_TO_32_BIT_CONVERSION = YES;
				GCC_WARN_ABOUT_RETURN_TYPE = YES_ERROR;
				GCC_WARN_UNDECLARED_SELECTOR = YES;
				GCC_WARN_UNINITIALIZED_AUTOS = YES_AGGRESSIVE;
				GCC_WARN_UNUSED_FUNCTION = YES;
				GCC_WARN_UNUSED_VARIABLE = YES;
				IPHONEOS_DEPLOYMENT_TARGET = 13.1;
				MTL_ENABLE_DEBUG_INFO = NO;
				MTL_FAST_MATH = YES;
				SDKROOT = iphoneos;
				SWIFT_COMPILATION_MODE = wholemodule;
				SWIFT_OPTIMIZATION_LEVEL = "-O";
				VALIDATE_PRODUCT = YES;
			};
			name = Release;
		};
		01E8CC4623E51E620055C473 /* Debug */ = {
			isa = XCBuildConfiguration;
			baseConfigurationReference = 3BFD221FBEAC153E9D457FD7 /* Pods-Instagram.debug.xcconfig */;
			buildSettings = {
				ASSETCATALOG_COMPILER_APPICON_NAME = AppIcon;
				CODE_SIGN_STYLE = Automatic;
				DEVELOPMENT_TEAM = GY32DAUCK7;
				INFOPLIST_FILE = Instagram/Info.plist;
				LD_RUNPATH_SEARCH_PATHS = (
					"$(inherited)",
					"@executable_path/Frameworks",
				);
				PRODUCT_BUNDLE_IDENTIFIER = jp.techacademy.Junya.Satou.Instagram;
				PRODUCT_NAME = "$(TARGET_NAME)";
				SWIFT_VERSION = 5.0;
				TARGETED_DEVICE_FAMILY = 1;
			};
			name = Debug;
		};
		01E8CC4723E51E620055C473 /* Release */ = {
			isa = XCBuildConfiguration;
			baseConfigurationReference = 2E9F7369A7A45BB4033FEDCB /* Pods-Instagram.release.xcconfig */;
			buildSettings = {
				ASSETCATALOG_COMPILER_APPICON_NAME = AppIcon;
				CODE_SIGN_STYLE = Automatic;
				DEVELOPMENT_TEAM = GY32DAUCK7;
				INFOPLIST_FILE = Instagram/Info.plist;
				LD_RUNPATH_SEARCH_PATHS = (
					"$(inherited)",
					"@executable_path/Frameworks",
				);
				PRODUCT_BUNDLE_IDENTIFIER = jp.techacademy.Junya.Satou.Instagram;
				PRODUCT_NAME = "$(TARGET_NAME)";
				SWIFT_VERSION = 5.0;
				TARGETED_DEVICE_FAMILY = 1;
			};
			name = Release;
		};
/* End XCBuildConfiguration section */

/* Begin XCConfigurationList section */
		01E8CC2C23E51E590055C473 /* Build configuration list for PBXProject "Instagram" */ = {
			isa = XCConfigurationList;
			buildConfigurations = (
				01E8CC4323E51E620055C473 /* Debug */,
				01E8CC4423E51E620055C473 /* Release */,
			);
			defaultConfigurationIsVisible = 0;
			defaultConfigurationName = Release;
		};
		01E8CC4523E51E620055C473 /* Build configuration list for PBXNativeTarget "Instagram" */ = {
			isa = XCConfigurationList;
			buildConfigurations = (
				01E8CC4623E51E620055C473 /* Debug */,
				01E8CC4723E51E620055C473 /* Release */,
			);
			defaultConfigurationIsVisible = 0;
			defaultConfigurationName = Release;
		};
/* End XCConfigurationList section */
	};
	rootObject = 01E8CC2923E51E590055C473 /* Project object */;
}
